{
  "name": "release-recipe",
  "version": "1.0.0",
  "lockfileVersion": 3,
  "requires": true,
  "packages": {
    "": {
      "name": "release-recipe",
      "version": "1.0.0",
      "license": "MIT",
      "dependencies": {
        "@wulfland/package-recipe": "^1.0.5"
      }
    },
    "node_modules/@wulfland/package-recipe": {
      "version": "1.0.5",
      "resolved": "https://npm.pkg.github.com/download/@wulfland/package-recipe/1.0.5/ec2b68db51d9a5dd6b676ccd50c9cfb8fc1230f2",
      "integrity": "sha512-vHKQ4LAeO5pY1vRwcMBnhrXtYtA2r9Dcr3eJC0KNa5a+Qq7Hbgw9Clz4qU5vFpnKO/zd8lGwNWnXOS4S2YDb/w==",
      "license": "MIT"
    }
  }
}
